
Microsoft Visual Studio Solution File, Format Version 12.00
# Visual Studio Version 17
VisualStudioVersion = 17.14.36616.10 d17.14
MinimumVisualStudioVersion = 10.0.40219.1
Project("{FAE04EC0-301F-11D3-BF4B-00C04F79EFBC}") = "Классы и методы", "Классы и методы\Классы и методы.csproj", "{7743238F-4970-4870-A969-569BB4865110}"
EndProject
Global
	GlobalSection(SolutionConfigurationPlatforms) = preSolution
		Debug|Any CPU = Debug|Any CPU
		Release|Any CPU = Release|Any CPU
	EndGlobalSection
	GlobalSection(ProjectConfigurationPlatforms) = postSolution
		{7743238F-4970-4870-A969-569BB4865110}.Debug|Any CPU.ActiveCfg = Debug|Any CPU
		{7743238F-4970-4870-A969-569BB4865110}.Debug|Any CPU.Build.0 = Debug|Any CPU
		{7743238F-4970-4870-A969-569BB4865110}.Release|Any CPU.ActiveCfg = Release|Any CPU
		{7743238F-4970-4870-A969-569BB4865110}.Release|Any CPU.Build.0 = Release|Any CPU
	EndGlobalSection
	GlobalSection(SolutionProperties) = preSolution
		HideSolutionNode = FALSE
	EndGlobalSection
	GlobalSection(ExtensibilityGlobals) = postSolution
		SolutionGuid = {F253986C-BE5B-4DA3-994F-30EBF81C0C9A}
	EndGlobalSection
EndGlobal
